
Microsoft Visual Studio Solution File, Format Version 12.00
# Visual Studio Version 17
VisualStudioVersion = 17.7.34031.279
MinimumVisualStudioVersion = 10.0.40219.1
Project("{F184B08F-C81C-45F6-A57F-5ABD9991F28F}") = "DoWhileLoop", "DoWhileLoop\DoWhileLoop.vbproj", "{25F392A0-BC3F-4E69-B23C-7F70478CB12D}"
EndProject
Global
	GlobalSection(SolutionConfigurationPlatforms) = preSolution
		Debug|Any CPU = Debug|Any CPU
		Release|Any CPU = Release|Any CPU
	EndGlobalSection
	GlobalSection(ProjectConfigurationPlatforms) = postSolution
		{25F392A0-BC3F-4E69-B23C-7F70478CB12D}.Debug|Any CPU.ActiveCfg = Debug|Any CPU
		{25F392A0-BC3F-4E69-B23C-7F70478CB12D}.Debug|Any CPU.Build.0 = Debug|Any CPU
		{25F392A0-BC3F-4E69-B23C-7F70478CB12D}.Release|Any CPU.ActiveCfg = Release|Any CPU
		{25F392A0-BC3F-4E69-B23C-7F70478CB12D}.Release|Any CPU.Build.0 = Release|Any CPU
	EndGlobalSection
	GlobalSection(SolutionProperties) = preSolution
		HideSolutionNode = FALSE
	EndGlobalSection
	GlobalSection(ExtensibilityGlobals) = postSolution
		SolutionGuid = {0FE0983C-C659-4FB3-B321-7752A9603983}
	EndGlobalSection
EndGlobal
